// !$*UTF8*$!
{
	archiveVersion = 1;
	classes = {
	};
	objectVersion = 46;
	objects = {

/* Begin PBXBuildFile section */
		500F566F1C9FF1E600B8CA1F /* AppDelegate.swift in Sources */ = {isa = PBXBuildFile; fileRef = 500F566E1C9FF1E600B8CA1F /* AppDelegate.swift */; };
		500F56711C9FF1E600B8CA1F /* ViewController.swift in Sources */ = {isa = PBXBuildFile; fileRef = 500F56701C9FF1E600B8CA1F /* ViewController.swift */; };
		500F56741C9FF1E600B8CA1F /* Main.storyboard in Resources */ = {isa = PBXBuildFile; fileRef = 500F56721C9FF1E600B8CA1F /* Main.storyboard */; };
		500F56761C9FF1E700B8CA1F /* Images.xcassets in Resources */ = {isa = PBXBuildFile; fileRef = 500F56751C9FF1E700B8CA1F /* Images.xcassets */; };
		500F56791C9FF1E700B8CA1F /* LaunchScreen.xib in Resources */ = {isa = PBXBuildFile; fileRef = 500F56771C9FF1E700B8CA1F /* LaunchScreen.xib */; };
		500F56851C9FF1E700B8CA1F /* UIDynamicAnimator_SnapEffectTests.swift in Sources */ = {isa = PBXBuildFile; fileRef = 500F56841C9FF1E700B8CA1F /* UIDynamicAnimator_SnapEffectTests.swift */; };
/* End PBXBuildFile section */

/* Begin PBXContainerItemProxy section */
		500F567F1C9FF1E700B8CA1F /* PBXContainerItemProxy */ = {
			isa = PBXContainerItemProxy;
			containerPortal = 500F56611C9FF1E600B8CA1F /* Project object */;
			proxyType = 1;
			remoteGlobalIDString = 500F56681C9FF1E600B8CA1F;
			remoteInfo = "UIDynamicAnimator-SnapEffect";
		};
/* End PBXContainerItemProxy section */

/* Begin PBXFileReference section */
		500F56691C9FF1E600B8CA1F /* UIDynamicAnimator-SnapEffect.app */ = {isa = PBXFileReference; explicitFileType = wrapper.application; includeInIndex = 0; path = "UIDynamicAnimator-SnapEffect.app"; sourceTree = BUILT_PRODUCTS_DIR; };
		500F566D1C9FF1E600B8CA1F /* Info.plist */ = {isa = PBXFileReference; lastKnownFileType = text.plist.xml; path = Info.plist; sourceTree = "<group>"; };
		500F566E1C9FF1E600B8CA1F /* AppDelegate.swift */ = {isa = PBXFileReference; lastKnownFileType = sourcecode.swift; path = AppDelegate.swift; sourceTree = "<group>"; };
		500F56701C9FF1E600B8CA1F /* ViewController.swift */ = {isa = PBXFileReference; lastKnownFileType = sourcecode.swift; path = ViewController.swift; sourceTree = "<group>"; };
		500F56731C9FF1E600B8CA1F /* Base */ = {isa = PBXFileReference; lastKnownFileType = file.storyboard; name = Base; path = Base.lproj/Main.storyboard; sourceTree = "<group>"; };
		500F56751C9FF1E700B8CA1F /* Images.xcassets */ = {isa = PBXFileReference; lastKnownFileType = folder.assetcatalog; path = Images.xcassets; sourceTree = "<group>"; };
		500F56781C9FF1E700B8CA1F /* Base */ = {isa = PBXFileReference; lastKnownFileType = file.xib; name = Base; path = Base.lproj/LaunchScreen.xib; sourceTree = "<group>"; };
		500F567E1C9FF1E700B8CA1F /* UIDynamicAnimator-SnapEffectTests.xctest */ = {isa = PBXFileReference; explicitFileType = wrapper.cfbundle; includeInIndex = 0; path = "UIDynamicAnimator-SnapEffectTests.xctest"; sourceTree = BUILT_PRODUCTS_DIR; };
		500F56831C9FF1E700B8CA1F /* Info.plist */ = {isa = PBXFileReference; lastKnownFileType = text.plist.xml; path = Info.plist; sourceTree = "<group>"; };
		500F56841C9FF1E700B8CA1F /* UIDynamicAnimator_SnapEffectTests.swift */ = {isa = PBXFileReference; lastKnownFileType = sourcecode.swift; path = UIDynamicAnimator_SnapEffectTests.swift; sourceTree = "<group>"; };
/* End PBXFileReference section */

/* Begin PBXFrameworksBuildPhase section */
		500F56661C9FF1E600B8CA1F /* Frameworks */ = {
			isa = PBXFrameworksBuildPhase;
			buildActionMask = 2147483647;
			files = (
			);
			runOnlyForDeploymentPostprocessing = 0;
		};
		500F567B1C9FF1E700B8CA1F /* Frameworks */ = {
			isa = PBXFrameworksBuildPhase;
			buildActionMask = 2147483647;
			files = (
			);
			runOnlyForDeploymentPostprocessing = 0;
		};
/* End PBXFrameworksBuildPhase section */

/* Begin PBXGroup section */
		500F56601C9FF1E600B8CA1F = {
			isa = PBXGroup;
			children = (
				500F566B1C9FF1E600B8CA1F /* UIDynamicAnimator-SnapEffect */,
				500F56811C9FF1E700B8CA1F /* UIDynamicAnimator-SnapEffectTests */,
				500F566A1C9FF1E600B8CA1F /* Products */,
			);
			sourceTree = "<group>";
		};
		500F566A1C9FF1E600B8CA1F /* Products */ = {
			isa = PBXGroup;
			children = (
				500F56691C9FF1E600B8CA1F /* UIDynamicAnimator-SnapEffect.app */,
				500F567E1C9FF1E700B8CA1F /* UIDynamicAnimator-SnapEffectTests.xctest */,
			);
			name = Products;
			sourceTree = "<group>";
		};
		500F566B1C9FF1E600B8CA1F /* UIDynamicAnimator-SnapEffect */ = {
			isa = PBXGroup;
			children = (
				500F566E1C9FF1E600B8CA1F /* AppDelegate.swift */,
				500F56701C9FF1E600B8CA1F /* ViewController.swift */,
				500F56721C9FF1E600B8CA1F /* Main.storyboard */,
				500F56751C9FF1E700B8CA1F /* Images.xcassets */,
				500F56771C9FF1E700B8CA1F /* LaunchScreen.xib */,
				500F566C1C9FF1E600B8CA1F /* Supporting Files */,
			);
			path = "UIDynamicAnimator-SnapEffect";
			sourceTree = "<group>";
		};
		500F566C1C9FF1E600B8CA1F /* Supporting Files */ = {
			isa = PBXGroup;
			children = (
				500F566D1C9FF1E600B8CA1F /* Info.plist */,
			);
			name = "Supporting Files";
			sourceTree = "<group>";
		};
		500F56811C9FF1E700B8CA1F /* UIDynamicAnimator-SnapEffectTests */ = {
			isa = PBXGroup;
			children = (
				500F56841C9FF1E700B8CA1F /* UIDynamicAnimator_SnapEffectTests.swift */,
				500F56821C9FF1E700B8CA1F /* Supporting Files */,
			);
			path = "UIDynamicAnimator-SnapEffectTests";
			sourceTree = "<group>";
		};
		500F56821C9FF1E700B8CA1F /* Supporting Files */ = {
			isa = PBXGroup;
			children = (
				500F56831C9FF1E700B8CA1F /* Info.plist */,
			);
			name = "Supporting Files";
			sourceTree = "<group>";
		};
/* End PBXGroup section */

/* Begin PBXNativeTarget section */
		500F56681C9FF1E600B8CA1F /* UIDynamicAnimator-SnapEffect */ = {
			isa = PBXNativeTarget;
			buildConfigurationList = 500F56881C9FF1E700B8CA1F /* Build configuration list for PBXNativeTarget "UIDynamicAnimator-SnapEffect" */;
			buildPhases = (
				500F56651C9FF1E600B8CA1F /* Sources */,
				500F56661C9FF1E600B8CA1F /* Frameworks */,
				500F56671C9FF1E600B8CA1F /* Resources */,
			);
			buildRules = (
			);
			dependencies = (
			);
			name = "UIDynamicAnimator-SnapEffect";
			productName = "UIDynamicAnimator-SnapEffect";
			productReference = 500F56691C9FF1E600B8CA1F /* UIDynamicAnimator-SnapEffect.app */;
			productType = "com.apple.product-type.application";
		};
		500F567D1C9FF1E700B8CA1F /* UIDynamicAnimator-SnapEffectTests */ = {
			isa = PBXNativeTarget;
			buildConfigurationList = 500F568B1C9FF1E700B8CA1F /* Build configuration list for PBXNativeTarget "UIDynamicAnimator-SnapEffectTests" */;
			buildPhases = (
				500F567A1C9FF1E700B8CA1F /* Sources */,
				500F567B1C9FF1E700B8CA1F /* Frameworks */,
				500F567C1C9FF1E700B8CA1F /* Resources */,
			);
			buildRules = (
			);
			dependencies = (
				500F56801C9FF1E700B8CA1F /* PBXTargetDependency */,
			);
			name = "UIDynamicAnimator-SnapEffectTests";
			productName = "UIDynamicAnimator-SnapEffectTests";
			productReference = 500F567E1C9FF1E700B8CA1F /* UIDynamicAnimator-SnapEffectTests.xctest */;
			productType = "com.apple.product-type.bundle.unit-test";
		};
/* End PBXNativeTarget section */

/* Begin PBXProject section */
		500F56611C9FF1E600B8CA1F /* Project object */ = {
			isa = PBXProject;
			attributes = {
				LastUpgradeCheck = 0610;
				ORGANIZATIONNAME = Enclave;
				TargetAttributes = {
					500F56681C9FF1E600B8CA1F = {
						CreatedOnToolsVersion = 6.1;
					};
					500F567D1C9FF1E700B8CA1F = {
						CreatedOnToolsVersion = 6.1;
						TestTargetID = 500F56681C9FF1E600B8CA1F;
					};
				};
			};
			buildConfigurationList = 500F56641C9FF1E600B8CA1F /* Build configuration list for PBXProject "UIDynamicAnimator-SnapEffect" */;
			compatibilityVersion = "Xcode 3.2";
			developmentRegion = English;
			hasScannedForEncodings = 0;
			knownRegions = (
				en,
				Base,
			);
			mainGroup = 500F56601C9FF1E600B8CA1F;
			productRefGroup = 500F566A1C9FF1E600B8CA1F /* Products */;
			projectDirPath = "";
			projectRoot = "";
			targets = (
				500F56681C9FF1E600B8CA1F /* UIDynamicAnimator-SnapEffect */,
				500F567D1C9FF1E700B8CA1F /* UIDynamicAnimator-SnapEffectTests */,
			);
		};
/* End PBXProject section */

/* Begin PBXResourcesBuildPhase section */
		500F56671C9FF1E600B8CA1F /* Resources */ = {
			isa = PBXResourcesBuildPhase;
			buildActionMask = 2147483647;
			files = (
				500F56741C9FF1E600B8CA1F /* Main.storyboard in Resources */,
				500F56791C9FF1E700B8CA1F /* LaunchScreen.xib in Resources */,
				500F56761C9FF1E700B8CA1F /* Images.xcassets in Resources */,
			);
			runOnlyForDeploymentPostprocessing = 0;
		};
		500F567C1C9FF1E700B8CA1F /* Resources */ = {
			isa = PBXResourcesBuildPhase;
			buildActionMask = 2147483647;
			files = (
			);
			runOnlyForDeploymentPostprocessing = 0;
		};
/* End PBXResourcesBuildPhase section */

/* Begin PBXSourcesBuildPhase section */
		500F56651C9FF1E600B8CA1F /* Sources */ = {
			isa = PBXSourcesBuildPhase;
			buildActionMask = 2147483647;
			files = (
				500F56711C9FF1E600B8CA1F /* ViewController.swift in Sources */,
				500F566F1C9FF1E600B8CA1F /* AppDelegate.swift in Sources */,
			);
			runOnlyForDeploymentPostprocessing = 0;
		};
		500F567A1C9FF1E700B8CA1F /* Sources */ = {
			isa = PBXSourcesBuildPhase;
			buildActionMask = 2147483647;
			files = (
				500F56851C9FF1E700B8CA1F /* UIDynamicAnimator_SnapEffectTests.swift in Sources */,
			);
			runOnlyForDeploymentPostprocessing = 0;
		};
/* End PBXSourcesBuildPhase section */

/* Begin PBXTargetDependency section */
		500F56801C9FF1E700B8CA1F /* PBXTargetDependency */ = {
			isa = PBXTargetDependency;
			target = 500F56681C9FF1E600B8CA1F /* UIDynamicAnimator-SnapEffect */;
			targetProxy = 500F567F1C9FF1E700B8CA1F /* PBXContainerItemProxy */;
		};
/* End PBXTargetDependency section */

/* Begin PBXVariantGroup section */
		500F56721C9FF1E600B8CA1F /* Main.storyboard */ = {
			isa = PBXVariantGroup;
			children = (
				500F56731C9FF1E600B8CA1F /* Base */,
			);
			name = Main.storyboard;
			sourceTree = "<group>";
		};
		500F56771C9FF1E700B8CA1F /* LaunchScreen.xib */ = {
			isa = PBXVariantGroup;
			children = (
				500F56781C9FF1E700B8CA1F /* Base */,
			);
			name = LaunchScreen.xib;
			sourceTree = "<group>";
		};
/* End PBXVariantGroup section */

/* Begin XCBuildConfiguration section */
		500F56861C9FF1E700B8CA1F /* Debug */ = {
			isa = XCBuildConfiguration;
			buildSettings = {
				ALWAYS_SEARCH_USER_PATHS = NO;
				CLANG_CXX_LANGUAGE_STANDARD = "gnu++0x";
				CLANG_CXX_LIBRARY = "libc++";
				CLANG_ENABLE_MODULES = YES;
				CLANG_ENABLE_OBJC_ARC = YES;
				CLANG_WARN_BOOL_CONVERSION = YES;
				CLANG_WARN_CONSTANT_CONVERSION = YES;
				CLANG_WARN_DIRECT_OBJC_ISA_USAGE = YES_ERROR;
				CLANG_WARN_EMPTY_BODY = YES;
				CLANG_WARN_ENUM_CONVERSION = YES;
				CLANG_WARN_INT_CONVERSION = YES;
				CLANG_WARN_OBJC_ROOT_CLASS = YES_ERROR;
				CLANG_WARN_UNREACHABLE_CODE = YES;
				CLANG_WARN__DUPLICATE_METHOD_MATCH = YES;
				"CODE_SIGN_IDENTITY[sdk=iphoneos*]" = "iPhone Developer";
				COPY_PHASE_STRIP = NO;
				ENABLE_STRICT_OBJC_MSGSEND = YES;
				GCC_C_LANGUAGE_STANDARD = gnu99;
				GCC_DYNAMIC_NO_PIC = NO;
				GCC_OPTIMIZATION_LEVEL = 0;
				GCC_PREPROCESSOR_DEFINITIONS = (
					"DEBUG=1",
					"$(inherited)",
				);
				GCC_SYMBOLS_PRIVATE_EXTERN = NO;
				GCC_WARN_64_TO_32_BIT_CONVERSION = YES;
				GCC_WARN_ABOUT_RETURN_TYPE = YES_ERROR;
				GCC_WARN_UNDECLARED_SELECTOR = YES;
				GCC_WARN_UNINITIALIZED_AUTOS = YES_AGGRESSIVE;
				GCC_WARN_UNUSED_FUNCTION = YES;
				GCC_WARN_UNUSED_VARIABLE = YES;
				IPHONEOS_DEPLOYMENT_TARGET = 8.1;
				MTL_ENABLE_DEBUG_INFO = YES;
				ONLY_ACTIVE_ARCH = YES;
				SDKROOT = iphoneos;
				SWIFT_OPTIMIZATION_LEVEL = "-Onone";
			};
			name = Debug;
		};
		500F56871C9FF1E700B8CA1F /* Release */ = {
			isa = XCBuildConfiguration;
			buildSettings = {
				ALWAYS_SEARCH_USER_PATHS = NO;
				CLANG_CXX_LANGUAGE_STANDARD = "gnu++0x";
				CLANG_CXX_LIBRARY = "libc++";
				CLANG_ENABLE_MODULES = YES;
				CLANG_ENABLE_OBJC_ARC = YES;
				CLANG_WARN_BOOL_CONVERSION = YES;
				CLANG_WARN_CONSTANT_CONVERSION = YES;
				CLANG_WARN_DIRECT_OBJC_ISA_USAGE = YES_ERROR;
				CLANG_WARN_EMPTY_BODY = YES;
				CLANG_WARN_ENUM_CONVERSION = YES;
				CLANG_WARN_INT_CONVERSION = YES;
				CLANG_WARN_OBJC_ROOT_CLASS = YES_ERROR;
				CLANG_WARN_UNREACHABLE_CODE = YES;
				CLANG_WARN__DUPLICATE_METHOD_MATCH = YES;
				"CODE_SIGN_IDENTITY[sdk=iphoneos*]" = "iPhone Developer";
				COPY_PHASE_STRIP = YES;
				ENABLE_NS_ASSERTIONS = NO;
				ENABLE_STRICT_OBJC_MSGSEND = YES;
				GCC_C_LANGUAGE_STANDARD = gnu99;
				GCC_WARN_64_TO_32_BIT_CONVERSION = YES;
				GCC_WARN_ABOUT_RETURN_TYPE = YES_ERROR;
				GCC_WARN_UNDECLARED_SELECTOR = YES;
				GCC_WARN_UNINITIALIZED_AUTOS = YES_AGGRESSIVE;
				GCC_WARN_UNUSED_FUNCTION = YES;
				GCC_WARN_UNUSED_VARIABLE = YES;
				IPHONEOS_DEPLOYMENT_TARGET = 8.1;
				MTL_ENABLE_DEBUG_INFO = NO;
				SDKROOT = iphoneos;
				VALIDATE_PRODUCT = YES;
			};
			name = Release;
		};
		500F56891C9FF1E700B8CA1F /* Debug */ = {
			isa = XCBuildConfiguration;
			buildSettings = {
				ASSETCATALOG_COMPILER_APPICON_NAME = AppIcon;
				INFOPLIST_FILE = "UIDynamicAnimator-SnapEffect/Info.plist";
				LD_RUNPATH_SEARCH_PATHS = "$(inherited) @executable_path/Frameworks";
				PRODUCT_NAME = "$(TARGET_NAME)";
			};
			name = Debug;
		};
		500F568A1C9FF1E700B8CA1F /* Release */ = {
			isa = XCBuildConfiguration;
			buildSettings = {
				ASSETCATALOG_COMPILER_APPICON_NAME = AppIcon;
				INFOPLIST_FILE = "UIDynamicAnimator-SnapEffect/Info.plist";
				LD_RUNPATH_SEARCH_PATHS = "$(inherited) @executable_path/Frameworks";
				PRODUCT_NAME = "$(TARGET_NAME)";
			};
			name = Release;
		};
		500F568C1C9FF1E700B8CA1F /* Debug */ = {
			isa = XCBuildConfiguration;
			buildSettings = {
				BUNDLE_LOADER = "$(TEST_HOST)";
				FRAMEWORK_SEARCH_PATHS = (
					"$(SDKROOT)/Developer/Library/Frameworks",
					"$(inherited)",
				);
				GCC_PREPROCESSOR_DEFINITIONS = (
					"DEBUG=1",
					"$(inherited)",
				);
				INFOPLIST_FILE = "UIDynamicAnimator-SnapEffectTests/Info.plist";
				LD_RUNPATH_SEARCH_PATHS = "$(inherited) @executable_path/Frameworks @loader_path/Frameworks";
				PRODUCT_NAME = "$(TARGET_NAME)";
				TEST_HOST = "$(BUILT_PRODUCTS_DIR)/UIDynamicAnimator-SnapEffect.app/UIDynamicAnimator-SnapEffect";
			};
			name = Debug;
		};
		500F568D1C9FF1E700B8CA1F /* Release */ = {
			isa = XCBuildConfiguration;
			buildSettings = {
				BUNDLE_LOADER = "$(TEST_HOST)";
				FRAMEWORK_SEARCH_PATHS = (
					"$(SDKROOT)/Developer/Library/Frameworks",
					"$(inherited)",
				);
				INFOPLIST_FILE = "UIDynamicAnimator-SnapEffectTests/Info.plist";
				LD_RUNPATH_SEARCH_PATHS = "$(inherited) @executable_path/Frameworks @loader_path/Frameworks";
				PRODUCT_NAME = "$(TARGET_NAME)";
				TEST_HOST = "$(BUILT_PRODUCTS_DIR)/UIDynamicAnimator-SnapEffect.app/UIDynamicAnimator-SnapEffect";
			};
			name = Release;
		};
/* End XCBuildConfiguration section */

/* Begin XCConfigurationList section */
		500F56641C9FF1E600B8CA1F /* Build configuration list for PBXProject "UIDynamicAnimator-SnapEffect" */ = {
			isa = XCConfigurationList;
			buildConfigurations = (
				500F56861C9FF1E700B8CA1F /* Debug */,
				500F56871C9FF1E700B8CA1F /* Release */,
			);
			defaultConfigurationIsVisible = 0;
			defaultConfigurationName = Release;
		};
		500F56881C9FF1E700B8CA1F /* Build configuration list for PBXNativeTarget "UIDynamicAnimator-SnapEffect" */ = {
			isa = XCConfigurationList;
			buildConfigurations = (
				500F56891C9FF1E700B8CA1F /* Debug */,
				500F568A1C9FF1E700B8CA1F /* Release */,
			);
			defaultConfigurationIsVisible = 0;
		};
		500F568B1C9FF1E700B8CA1F /* Build configuration list for PBXNativeTarget "UIDynamicAnimator-SnapEffectTests" */ = {
			isa = XCConfigurationList;
			buildConfigurations = (
				500F568C1C9FF1E700B8CA1F /* Debug */,
				500F568D1C9FF1E700B8CA1F /* Release */,
			);
			defaultConfigurationIsVisible = 0;
		};
/* End XCConfigurationList section */
	};
	rootObject = 500F56611C9FF1E600B8CA1F /* Project object */;
}
